
Microsoft Visual Studio Solution File, Format Version 12.00
# Visual Studio Version 16
VisualStudioVersion = 16.0.29519.87
MinimumVisualStudioVersion = 10.0.40219.1
Project("{9A19103F-16F7-4668-BE54-9A1E7A4F7556}") = "ClubWest", "ClubWest.csproj", "{A3BE842C-2482-4EA4-BF9E-49702343E11A}"
EndProject
Project("{9A19103F-16F7-4668-BE54-9A1E7A4F7556}") = "ClubWest.DataAccess", "..\ClubWest.DataAccess\ClubWest.DataAccess.csproj", "{C1274546-FCE0-420C-8A13-0449FFE10ECC}"
EndProject
Project("{9A19103F-16F7-4668-BE54-9A1E7A4F7556}") = "ClubWest.Models", "..\ClubWest.Models\ClubWest.Models.csproj", "{EAEDA25D-6137-4550-8F3A-1FADC88CF9D6}"
EndProject
Project("{9A19103F-16F7-4668-BE54-9A1E7A4F7556}") = "ClubWest.Utility", "..\ClubWest.Utility\ClubWest.Utility.csproj", "{76C94AE3-4E4E-4A7E-BD8F-18364E345F0C}"
EndProject
Global
	GlobalSection(SolutionConfigurationPlatforms) = preSolution
		Debug|Any CPU = Debug|Any CPU
		Release|Any CPU = Release|Any CPU
	EndGlobalSection
	GlobalSection(ProjectConfigurationPlatforms) = postSolution
		{A3BE842C-2482-4EA4-BF9E-49702343E11A}.Debug|Any CPU.ActiveCfg = Debug|Any CPU
		{A3BE842C-2482-4EA4-BF9E-49702343E11A}.Debug|Any CPU.Build.0 = Debug|Any CPU
		{A3BE842C-2482-4EA4-BF9E-49702343E11A}.Release|Any CPU.ActiveCfg = Release|Any CPU
		{A3BE842C-2482-4EA4-BF9E-49702343E11A}.Release|Any CPU.Build.0 = Release|Any CPU
		{C1274546-FCE0-420C-8A13-0449FFE10ECC}.Debug|Any CPU.ActiveCfg = Debug|Any CPU
		{C1274546-FCE0-420C-8A13-0449FFE10ECC}.Debug|Any CPU.Build.0 = Debug|Any CPU
		{C1274546-FCE0-420C-8A13-0449FFE10ECC}.Release|Any CPU.ActiveCfg = Release|Any CPU
		{C1274546-FCE0-420C-8A13-0449FFE10ECC}.Release|Any CPU.Build.0 = Release|Any CPU
		{EAEDA25D-6137-4550-8F3A-1FADC88CF9D6}.Debug|Any CPU.ActiveCfg = Debug|Any CPU
		{EAEDA25D-6137-4550-8F3A-1FADC88CF9D6}.Debug|Any CPU.Build.0 = Debug|Any CPU
		{EAEDA25D-6137-4550-8F3A-1FADC88CF9D6}.Release|Any CPU.ActiveCfg = Release|Any CPU
		{EAEDA25D-6137-4550-8F3A-1FADC88CF9D6}.Release|Any CPU.Build.0 = Release|Any CPU
		{76C94AE3-4E4E-4A7E-BD8F-18364E345F0C}.Debug|Any CPU.ActiveCfg = Debug|Any CPU
		{76C94AE3-4E4E-4A7E-BD8F-18364E345F0C}.Debug|Any CPU.Build.0 = Debug|Any CPU
		{76C94AE3-4E4E-4A7E-BD8F-18364E345F0C}.Release|Any CPU.ActiveCfg = Release|Any CPU
		{76C94AE3-4E4E-4A7E-BD8F-18364E345F0C}.Release|Any CPU.Build.0 = Release|Any CPU
	EndGlobalSection
	GlobalSection(SolutionProperties) = preSolution
		HideSolutionNode = FALSE
	EndGlobalSection
	GlobalSection(ExtensibilityGlobals) = postSolution
		SolutionGuid = {8428AFB3-1DAA-4B19-8CC8-A2453CE3B24D}
	EndGlobalSection
EndGlobal
